// !$*UTF8*$!
{
	archiveVersion = 1;
	classes = {
	};
	objectVersion = 50;
	objects = {

/* Begin PBXBuildFile section */
		CF068F3F25FBF56C00FE2D1C /* AppDelegate.swift in Sources */ = {isa = PBXBuildFile; fileRef = CF068F3E25FBF56C00FE2D1C /* AppDelegate.swift */; };
		CF068F4125FBF56C00FE2D1C /* SceneDelegate.swift in Sources */ = {isa = PBXBuildFile; fileRef = CF068F4025FBF56C00FE2D1C /* SceneDelegate.swift */; };
		CF068F4325FBF56C00FE2D1C /* EventsViewController.swift in Sources */ = {isa = PBXBuildFile; fileRef = CF068F4225FBF56C00FE2D1C /* EventsViewController.swift */; };
		CF068F4625FBF56C00FE2D1C /* Main.storyboard in Resources */ = {isa = PBXBuildFile; fileRef = CF068F4425FBF56C00FE2D1C /* Main.storyboard */; };
		CF068F4825FBF56D00FE2D1C /* Assets.xcassets in Resources */ = {isa = PBXBuildFile; fileRef = CF068F4725FBF56D00FE2D1C /* Assets.xcassets */; };
		CF068F4B25FBF56D00FE2D1C /* LaunchScreen.storyboard in Resources */ = {isa = PBXBuildFile; fileRef = CF068F4925FBF56D00FE2D1C /* LaunchScreen.storyboard */; };
		CF068F5625FBF56D00FE2D1C /* SeatGeekTests.swift in Sources */ = {isa = PBXBuildFile; fileRef = CF068F5525FBF56D00FE2D1C /* SeatGeekTests.swift */; };
		CF068F6125FBF56D00FE2D1C /* SeatGeekUITests.swift in Sources */ = {isa = PBXBuildFile; fileRef = CF068F6025FBF56D00FE2D1C /* SeatGeekUITests.swift */; };
		CF068F7225FBF74200FE2D1C /* Structs.swift in Sources */ = {isa = PBXBuildFile; fileRef = CF068F7125FBF74200FE2D1C /* Structs.swift */; };
		CF068F8225FC004D00FE2D1C /* EventsTableViewCell.swift in Sources */ = {isa = PBXBuildFile; fileRef = CF068F8125FC004D00FE2D1C /* EventsTableViewCell.swift */; };
		CF068F8A25FC00ED00FE2D1C /* EventsModel.swift in Sources */ = {isa = PBXBuildFile; fileRef = CF068F8925FC00ED00FE2D1C /* EventsModel.swift */; };
		CFDF372A25FD224500D7EF1E /* Variables.swift in Sources */ = {isa = PBXBuildFile; fileRef = CFDF372925FD224500D7EF1E /* Variables.swift */; };
		CFF0217125FC60BB00DD4EEB /* DetailsViewController.swift in Sources */ = {isa = PBXBuildFile; fileRef = CFF0217025FC60BB00DD4EEB /* DetailsViewController.swift */; };
		CFF0217625FC646D00DD4EEB /* Extensions.swift in Sources */ = {isa = PBXBuildFile; fileRef = CFF0217525FC646D00DD4EEB /* Extensions.swift */; };
/* End PBXBuildFile section */

/* Begin PBXContainerItemProxy section */
		CF068F5225FBF56D00FE2D1C /* PBXContainerItemProxy */ = {
			isa = PBXContainerItemProxy;
			containerPortal = CF068F3325FBF56C00FE2D1C /* Project object */;
			proxyType = 1;
			remoteGlobalIDString = CF068F3A25FBF56C00FE2D1C;
			remoteInfo = SeatGeek;
		};
		CF068F5D25FBF56D00FE2D1C /* PBXContainerItemProxy */ = {
			isa = PBXContainerItemProxy;
			containerPortal = CF068F3325FBF56C00FE2D1C /* Project object */;
			proxyType = 1;
			remoteGlobalIDString = CF068F3A25FBF56C00FE2D1C;
			remoteInfo = SeatGeek;
		};
/* End PBXContainerItemProxy section */

/* Begin PBXFileReference section */
		CF068F3B25FBF56C00FE2D1C /* SeatGeek.app */ = {isa = PBXFileReference; explicitFileType = wrapper.application; includeInIndex = 0; path = SeatGeek.app; sourceTree = BUILT_PRODUCTS_DIR; };
		CF068F3E25FBF56C00FE2D1C /* AppDelegate.swift */ = {isa = PBXFileReference; lastKnownFileType = sourcecode.swift; path = AppDelegate.swift; sourceTree = "<group>"; };
		CF068F4025FBF56C00FE2D1C /* SceneDelegate.swift */ = {isa = PBXFileReference; lastKnownFileType = sourcecode.swift; path = SceneDelegate.swift; sourceTree = "<group>"; };
		CF068F4225FBF56C00FE2D1C /* EventsViewController.swift */ = {isa = PBXFileReference; lastKnownFileType = sourcecode.swift; path = EventsViewController.swift; sourceTree = "<group>"; };
		CF068F4525FBF56C00FE2D1C /* Base */ = {isa = PBXFileReference; lastKnownFileType = file.storyboard; name = Base; path = Base.lproj/Main.storyboard; sourceTree = "<group>"; };
		CF068F4725FBF56D00FE2D1C /* Assets.xcassets */ = {isa = PBXFileReference; lastKnownFileType = folder.assetcatalog; path = Assets.xcassets; sourceTree = "<group>"; };
		CF068F4A25FBF56D00FE2D1C /* Base */ = {isa = PBXFileReference; lastKnownFileType = file.storyboard; name = Base; path = Base.lproj/LaunchScreen.storyboard; sourceTree = "<group>"; };
		CF068F4C25FBF56D00FE2D1C /* Info.plist */ = {isa = PBXFileReference; lastKnownFileType = text.plist.xml; path = Info.plist; sourceTree = "<group>"; };
		CF068F5125FBF56D00FE2D1C /* SeatGeekTests.xctest */ = {isa = PBXFileReference; explicitFileType = wrapper.cfbundle; includeInIndex = 0; path = SeatGeekTests.xctest; sourceTree = BUILT_PRODUCTS_DIR; };
		CF068F5525FBF56D00FE2D1C /* SeatGeekTests.swift */ = {isa = PBXFileReference; lastKnownFileType = sourcecode.swift; path = SeatGeekTests.swift; sourceTree = "<group>"; };
		CF068F5725FBF56D00FE2D1C /* Info.plist */ = {isa = PBXFileReference; lastKnownFileType = text.plist.xml; path = Info.plist; sourceTree = "<group>"; };
		CF068F5C25FBF56D00FE2D1C /* SeatGeekUITests.xctest */ = {isa = PBXFileReference; explicitFileType = wrapper.cfbundle; includeInIndex = 0; path = SeatGeekUITests.xctest; sourceTree = BUILT_PRODUCTS_DIR; };
		CF068F6025FBF56D00FE2D1C /* SeatGeekUITests.swift */ = {isa = PBXFileReference; lastKnownFileType = sourcecode.swift; path = SeatGeekUITests.swift; sourceTree = "<group>"; };
		CF068F6225FBF56D00FE2D1C /* Info.plist */ = {isa = PBXFileReference; lastKnownFileType = text.plist.xml; path = Info.plist; sourceTree = "<group>"; };
		CF068F7125FBF74200FE2D1C /* Structs.swift */ = {isa = PBXFileReference; lastKnownFileType = sourcecode.swift; path = Structs.swift; sourceTree = "<group>"; };
		CF068F8125FC004D00FE2D1C /* EventsTableViewCell.swift */ = {isa = PBXFileReference; lastKnownFileType = sourcecode.swift; path = "Events\U0010TableViewCell.swift"; sourceTree = "<group>"; };
		CF068F8925FC00ED00FE2D1C /* EventsModel.swift */ = {isa = PBXFileReference; lastKnownFileType = sourcecode.swift; path = EventsModel.swift; sourceTree = "<group>"; };
		CFDF372925FD224500D7EF1E /* Variables.swift */ = {isa = PBXFileReference; lastKnownFileType = sourcecode.swift; path = Variables.swift; sourceTree = "<group>"; };
		CFF0217025FC60BB00DD4EEB /* DetailsViewController.swift */ = {isa = PBXFileReference; lastKnownFileType = sourcecode.swift; path = DetailsViewController.swift; sourceTree = "<group>"; };
		CFF0217525FC646D00DD4EEB /* Extensions.swift */ = {isa = PBXFileReference; lastKnownFileType = sourcecode.swift; path = Extensions.swift; sourceTree = "<group>"; };
/* End PBXFileReference section */

/* Begin PBXFrameworksBuildPhase section */
		CF068F3825FBF56C00FE2D1C /* Frameworks */ = {
			isa = PBXFrameworksBuildPhase;
			buildActionMask = 2147483647;
			files = (
			);
			runOnlyForDeploymentPostprocessing = 0;
		};
		CF068F4E25FBF56D00FE2D1C /* Frameworks */ = {
			isa = PBXFrameworksBuildPhase;
			buildActionMask = 2147483647;
			files = (
			);
			runOnlyForDeploymentPostprocessing = 0;
		};
		CF068F5925FBF56D00FE2D1C /* Frameworks */ = {
			isa = PBXFrameworksBuildPhase;
			buildActionMask = 2147483647;
			files = (
			);
			runOnlyForDeploymentPostprocessing = 0;
		};
/* End PBXFrameworksBuildPhase section */

/* Begin PBXGroup section */
		CF068F3225FBF56C00FE2D1C = {
			isa = PBXGroup;
			children = (
				CF068F3D25FBF56C00FE2D1C /* SeatGeek */,
				CF068F5425FBF56D00FE2D1C /* SeatGeekTests */,
				CF068F5F25FBF56D00FE2D1C /* SeatGeekUITests */,
				CF068F3C25FBF56C00FE2D1C /* Products */,
			);
			sourceTree = "<group>";
		};
		CF068F3C25FBF56C00FE2D1C /* Products */ = {
			isa = PBXGroup;
			children = (
				CF068F3B25FBF56C00FE2D1C /* SeatGeek.app */,
				CF068F5125FBF56D00FE2D1C /* SeatGeekTests.xctest */,
				CF068F5C25FBF56D00FE2D1C /* SeatGeekUITests.xctest */,
			);
			name = Products;
			sourceTree = "<group>";
		};
		CF068F3D25FBF56C00FE2D1C /* SeatGeek */ = {
			isa = PBXGroup;
			children = (
				CF068F3E25FBF56C00FE2D1C /* AppDelegate.swift */,
				CF068F4025FBF56C00FE2D1C /* SceneDelegate.swift */,
				CFDF372925FD224500D7EF1E /* Variables.swift */,
				CF068F7125FBF74200FE2D1C /* Structs.swift */,
				CFF0217525FC646D00DD4EEB /* Extensions.swift */,
				CF068F8125FC004D00FE2D1C /* EventsTableViewCell.swift */,
				CF068F8925FC00ED00FE2D1C /* EventsModel.swift */,
				CF068F4225FBF56C00FE2D1C /* EventsViewController.swift */,
				CFF0217025FC60BB00DD4EEB /* DetailsViewController.swift */,
				CF068F4425FBF56C00FE2D1C /* Main.storyboard */,
				CF068F4725FBF56D00FE2D1C /* Assets.xcassets */,
				CF068F4925FBF56D00FE2D1C /* LaunchScreen.storyboard */,
				CF068F4C25FBF56D00FE2D1C /* Info.plist */,
			);
			path = SeatGeek;
			sourceTree = "<group>";
		};
		CF068F5425FBF56D00FE2D1C /* SeatGeekTests */ = {
			isa = PBXGroup;
			children = (
				CF068F5525FBF56D00FE2D1C /* SeatGeekTests.swift */,
				CF068F5725FBF56D00FE2D1C /* Info.plist */,
			);
			path = SeatGeekTests;
			sourceTree = "<group>";
		};
		CF068F5F25FBF56D00FE2D1C /* SeatGeekUITests */ = {
			isa = PBXGroup;
			children = (
				CF068F6025FBF56D00FE2D1C /* SeatGeekUITests.swift */,
				CF068F6225FBF56D00FE2D1C /* Info.plist */,
			);
			path = SeatGeekUITests;
			sourceTree = "<group>";
		};
/* End PBXGroup section */

/* Begin PBXNativeTarget section */
		CF068F3A25FBF56C00FE2D1C /* SeatGeek */ = {
			isa = PBXNativeTarget;
			buildConfigurationList = CF068F6525FBF56D00FE2D1C /* Build configuration list for PBXNativeTarget "SeatGeek" */;
			buildPhases = (
				CF068F3725FBF56C00FE2D1C /* Sources */,
				CF068F3825FBF56C00FE2D1C /* Frameworks */,
				CF068F3925FBF56C00FE2D1C /* Resources */,
			);
			buildRules = (
			);
			dependencies = (
			);
			name = SeatGeek;
			productName = SeatGeek;
			productReference = CF068F3B25FBF56C00FE2D1C /* SeatGeek.app */;
			productType = "com.apple.product-type.application";
		};
		CF068F5025FBF56D00FE2D1C /* SeatGeekTests */ = {
			isa = PBXNativeTarget;
			buildConfigurationList = CF068F6825FBF56D00FE2D1C /* Build configuration list for PBXNativeTarget "SeatGeekTests" */;
			buildPhases = (
				CF068F4D25FBF56D00FE2D1C /* Sources */,
				CF068F4E25FBF56D00FE2D1C /* Frameworks */,
				CF068F4F25FBF56D00FE2D1C /* Resources */,
			);
			buildRules = (
			);
			dependencies = (
				CF068F5325FBF56D00FE2D1C /* PBXTargetDependency */,
			);
			name = SeatGeekTests;
			productName = SeatGeekTests;
			productReference = CF068F5125FBF56D00FE2D1C /* SeatGeekTests.xctest */;
			productType = "com.apple.product-type.bundle.unit-test";
		};
		CF068F5B25FBF56D00FE2D1C /* SeatGeekUITests */ = {
			isa = PBXNativeTarget;
			buildConfigurationList = CF068F6B25FBF56D00FE2D1C /* Build configuration list for PBXNativeTarget "SeatGeekUITests" */;
			buildPhases = (
				CF068F5825FBF56D00FE2D1C /* Sources */,
				CF068F5925FBF56D00FE2D1C /* Frameworks */,
				CF068F5A25FBF56D00FE2D1C /* Resources */,
			);
			buildRules = (
			);
			dependencies = (
				CF068F5E25FBF56D00FE2D1C /* PBXTargetDependency */,
			);
			name = SeatGeekUITests;
			productName = SeatGeekUITests;
			productReference = CF068F5C25FBF56D00FE2D1C /* SeatGeekUITests.xctest */;
			productType = "com.apple.product-type.bundle.ui-testing";
		};
/* End PBXNativeTarget section */

/* Begin PBXProject section */
		CF068F3325FBF56C00FE2D1C /* Project object */ = {
			isa = PBXProject;
			attributes = {
				LastSwiftUpdateCheck = 1240;
				LastUpgradeCheck = 1240;
				TargetAttributes = {
					CF068F3A25FBF56C00FE2D1C = {
						CreatedOnToolsVersion = 12.4;
					};
					CF068F5025FBF56D00FE2D1C = {
						CreatedOnToolsVersion = 12.4;
						TestTargetID = CF068F3A25FBF56C00FE2D1C;
					};
					CF068F5B25FBF56D00FE2D1C = {
						CreatedOnToolsVersion = 12.4;
						TestTargetID = CF068F3A25FBF56C00FE2D1C;
					};
				};
			};
			buildConfigurationList = CF068F3625FBF56C00FE2D1C /* Build configuration list for PBXProject "SeatGeek" */;
			compatibilityVersion = "Xcode 9.3";
			developmentRegion = en;
			hasScannedForEncodings = 0;
			knownRegions = (
				en,
				Base,
			);
			mainGroup = CF068F3225FBF56C00FE2D1C;
			productRefGroup = CF068F3C25FBF56C00FE2D1C /* Products */;
			projectDirPath = "";
			projectRoot = "";
			targets = (
				CF068F3A25FBF56C00FE2D1C /* SeatGeek */,
				CF068F5025FBF56D00FE2D1C /* SeatGeekTests */,
				CF068F5B25FBF56D00FE2D1C /* SeatGeekUITests */,
			);
		};
/* End PBXProject section */

/* Begin PBXResourcesBuildPhase section */
		CF068F3925FBF56C00FE2D1C /* Resources */ = {
			isa = PBXResourcesBuildPhase;
			buildActionMask = 2147483647;
			files = (
				CF068F4B25FBF56D00FE2D1C /* LaunchScreen.storyboard in Resources */,
				CF068F4825FBF56D00FE2D1C /* Assets.xcassets in Resources */,
				CF068F4625FBF56C00FE2D1C /* Main.storyboard in Resources */,
			);
			runOnlyForDeploymentPostprocessing = 0;
		};
		CF068F4F25FBF56D00FE2D1C /* Resources */ = {
			isa = PBXResourcesBuildPhase;
			buildActionMask = 2147483647;
			files = (
			);
			runOnlyForDeploymentPostprocessing = 0;
		};
		CF068F5A25FBF56D00FE2D1C /* Resources */ = {
			isa = PBXResourcesBuildPhase;
			buildActionMask = 2147483647;
			files = (
			);
			runOnlyForDeploymentPostprocessing = 0;
		};
/* End PBXResourcesBuildPhase section */

/* Begin PBXSourcesBuildPhase section */
		CF068F3725FBF56C00FE2D1C /* Sources */ = {
			isa = PBXSourcesBuildPhase;
			buildActionMask = 2147483647;
			files = (
				CF068F7225FBF74200FE2D1C /* Structs.swift in Sources */,
				CF068F4325FBF56C00FE2D1C /* EventsViewController.swift in Sources */,
				CF068F3F25FBF56C00FE2D1C /* AppDelegate.swift in Sources */,
				CFDF372A25FD224500D7EF1E /* Variables.swift in Sources */,
				CFF0217625FC646D00DD4EEB /* Extensions.swift in Sources */,
				CF068F4125FBF56C00FE2D1C /* SceneDelegate.swift in Sources */,
				CFF0217125FC60BB00DD4EEB /* DetailsViewController.swift in Sources */,
				CF068F8A25FC00ED00FE2D1C /* EventsModel.swift in Sources */,
				CF068F8225FC004D00FE2D1C /* EventsTableViewCell.swift in Sources */,
			);
			runOnlyForDeploymentPostprocessing = 0;
		};
		CF068F4D25FBF56D00FE2D1C /* Sources */ = {
			isa = PBXSourcesBuildPhase;
			buildActionMask = 2147483647;
			files = (
				CF068F5625FBF56D00FE2D1C /* SeatGeekTests.swift in Sources */,
			);
			runOnlyForDeploymentPostprocessing = 0;
		};
		CF068F5825FBF56D00FE2D1C /* Sources */ = {
			isa = PBXSourcesBuildPhase;
			buildActionMask = 2147483647;
			files = (
				CF068F6125FBF56D00FE2D1C /* SeatGeekUITests.swift in Sources */,
			);
			runOnlyForDeploymentPostprocessing = 0;
		};
/* End PBXSourcesBuildPhase section */

/* Begin PBXTargetDependency section */
		CF068F5325FBF56D00FE2D1C /* PBXTargetDependency */ = {
			isa = PBXTargetDependency;
			target = CF068F3A25FBF56C00FE2D1C /* SeatGeek */;
			targetProxy = CF068F5225FBF56D00FE2D1C /* PBXContainerItemProxy */;
		};
		CF068F5E25FBF56D00FE2D1C /* PBXTargetDependency */ = {
			isa = PBXTargetDependency;
			target = CF068F3A25FBF56C00FE2D1C /* SeatGeek */;
			targetProxy = CF068F5D25FBF56D00FE2D1C /* PBXContainerItemProxy */;
		};
/* End PBXTargetDependency section */

/* Begin PBXVariantGroup section */
		CF068F4425FBF56C00FE2D1C /* Main.storyboard */ = {
			isa = PBXVariantGroup;
			children = (
				CF068F4525FBF56C00FE2D1C /* Base */,
			);
			name = Main.storyboard;
			sourceTree = "<group>";
		};
		CF068F4925FBF56D00FE2D1C /* LaunchScreen.storyboard */ = {
			isa = PBXVariantGroup;
			children = (
				CF068F4A25FBF56D00FE2D1C /* Base */,
			);
			name = LaunchScreen.storyboard;
			sourceTree = "<group>";
		};
/* End PBXVariantGroup section */

/* Begin XCBuildConfiguration section */
		CF068F6325FBF56D00FE2D1C /* Debug */ = {
			isa = XCBuildConfiguration;
			buildSettings = {
				ALWAYS_SEARCH_USER_PATHS = NO;
				CLANG_ANALYZER_NONNULL = YES;
				CLANG_ANALYZER_NUMBER_OBJECT_CONVERSION = YES_AGGRESSIVE;
				CLANG_CXX_LANGUAGE_STANDARD = "gnu++14";
				CLANG_CXX_LIBRARY = "libc++";
				CLANG_ENABLE_MODULES = YES;
				CLANG_ENABLE_OBJC_ARC = YES;
				CLANG_ENABLE_OBJC_WEAK = YES;
				CLANG_WARN_BLOCK_CAPTURE_AUTORELEASING = YES;
				CLANG_WARN_BOOL_CONVERSION = YES;
				CLANG_WARN_COMMA = YES;
				CLANG_WARN_CONSTANT_CONVERSION = YES;
				CLANG_WARN_DEPRECATED_OBJC_IMPLEMENTATIONS = YES;
				CLANG_WARN_DIRECT_OBJC_ISA_USAGE = YES_ERROR;
				CLANG_WARN_DOCUMENTATION_COMMENTS = YES;
				CLANG_WARN_EMPTY_BODY = YES;
				CLANG_WARN_ENUM_CONVERSION = YES;
				CLANG_WARN_INFINITE_RECURSION = YES;
				CLANG_WARN_INT_CONVERSION = YES;
				CLANG_WARN_NON_LITERAL_NULL_CONVERSION = YES;
				CLANG_WARN_OBJC_IMPLICIT_RETAIN_SELF = YES;
				CLANG_WARN_OBJC_LITERAL_CONVERSION = YES;
				CLANG_WARN_OBJC_ROOT_CLASS = YES_ERROR;
				CLANG_WARN_QUOTED_INCLUDE_IN_FRAMEWORK_HEADER = YES;
				CLANG_WARN_RANGE_LOOP_ANALYSIS = YES;
				CLANG_WARN_STRICT_PROTOTYPES = YES;
				CLANG_WARN_SUSPICIOUS_MOVE = YES;
				CLANG_WARN_UNGUARDED_AVAILABILITY = YES_AGGRESSIVE;
				CLANG_WARN_UNREACHABLE_CODE = YES;
				CLANG_WARN__DUPLICATE_METHOD_MATCH = YES;
				COPY_PHASE_STRIP = NO;
				DEBUG_INFORMATION_FORMAT = dwarf;
				ENABLE_STRICT_OBJC_MSGSEND = YES;
				ENABLE_TESTABILITY = YES;
				GCC_C_LANGUAGE_STANDARD = gnu11;
				GCC_DYNAMIC_NO_PIC = NO;
				GCC_NO_COMMON_BLOCKS = YES;
				GCC_OPTIMIZATION_LEVEL = 0;
				GCC_PREPROCESSOR_DEFINITIONS = (
					"DEBUG=1",
					"$(inherited)",
				);
				GCC_WARN_64_TO_32_BIT_CONVERSION = YES;
				GCC_WARN_ABOUT_RETURN_TYPE = YES_ERROR;
				GCC_WARN_UNDECLARED_SELECTOR = YES;
				GCC_WARN_UNINITIALIZED_AUTOS = YES_AGGRESSIVE;
				GCC_WARN_UNUSED_FUNCTION = YES;
				GCC_WARN_UNUSED_VARIABLE = YES;
				IPHONEOS_DEPLOYMENT_TARGET = 14.4;
				MTL_ENABLE_DEBUG_INFO = INCLUDE_SOURCE;
				MTL_FAST_MATH = YES;
				ONLY_ACTIVE_ARCH = YES;
				SDKROOT = iphoneos;
				SWIFT_ACTIVE_COMPILATION_CONDITIONS = DEBUG;
				SWIFT_OPTIMIZATION_LEVEL = "-Onone";
			};
			name = Debug;
		};
		CF068F6425FBF56D00FE2D1C /* Release */ = {
			isa = XCBuildConfiguration;
			buildSettings = {
				ALWAYS_SEARCH_USER_PATHS = NO;
				CLANG_ANALYZER_NONNULL = YES;
				CLANG_ANALYZER_NUMBER_OBJECT_CONVERSION = YES_AGGRESSIVE;
				CLANG_CXX_LANGUAGE_STANDARD = "gnu++14";
				CLANG_CXX_LIBRARY = "libc++";
				CLANG_ENABLE_MODULES = YES;
				CLANG_ENABLE_OBJC_ARC = YES;
				CLANG_ENABLE_OBJC_WEAK = YES;
				CLANG_WARN_BLOCK_CAPTURE_AUTORELEASING = YES;
				CLANG_WARN_BOOL_CONVERSION = YES;
				CLANG_WARN_COMMA = YES;
				CLANG_WARN_CONSTANT_CONVERSION = YES;
				CLANG_WARN_DEPRECATED_OBJC_IMPLEMENTATIONS = YES;
				CLANG_WARN_DIRECT_OBJC_ISA_USAGE = YES_ERROR;
				CLANG_WARN_DOCUMENTATION_COMMENTS = YES;
				CLANG_WARN_EMPTY_BODY = YES;
				CLANG_WARN_ENUM_CONVERSION = YES;
				CLANG_WARN_INFINITE_RECURSION = YES;
				CLANG_WARN_INT_CONVERSION = YES;
				CLANG_WARN_NON_LITERAL_NULL_CONVERSION = YES;
				CLANG_WARN_OBJC_IMPLICIT_RETAIN_SELF = YES;
				CLANG_WARN_OBJC_LITERAL_CONVERSION = YES;
				CLANG_WARN_OBJC_ROOT_CLASS = YES_ERROR;
				CLANG_WARN_QUOTED_INCLUDE_IN_FRAMEWORK_HEADER = YES;
				CLANG_WARN_RANGE_LOOP_ANALYSIS = YES;
				CLANG_WARN_STRICT_PROTOTYPES = YES;
				CLANG_WARN_SUSPICIOUS_MOVE = YES;
				CLANG_WARN_UNGUARDED_AVAILABILITY = YES_AGGRESSIVE;
				CLANG_WARN_UNREACHABLE_CODE = YES;
				CLANG_WARN__DUPLICATE_METHOD_MATCH = YES;
				COPY_PHASE_STRIP = NO;
				DEBUG_INFORMATION_FORMAT = "dwarf-with-dsym";
				ENABLE_NS_ASSERTIONS = NO;
				ENABLE_STRICT_OBJC_MSGSEND = YES;
				GCC_C_LANGUAGE_STANDARD = gnu11;
				GCC_NO_COMMON_BLOCKS = YES;
				GCC_WARN_64_TO_32_BIT_CONVERSION = YES;
				GCC_WARN_ABOUT_RETURN_TYPE = YES_ERROR;
				GCC_WARN_UNDECLARED_SELECTOR = YES;
				GCC_WARN_UNINITIALIZED_AUTOS = YES_AGGRESSIVE;
				GCC_WARN_UNUSED_FUNCTION = YES;
				GCC_WARN_UNUSED_VARIABLE = YES;
				IPHONEOS_DEPLOYMENT_TARGET = 14.4;
				MTL_ENABLE_DEBUG_INFO = NO;
				MTL_FAST_MATH = YES;
				SDKROOT = iphoneos;
				SWIFT_COMPILATION_MODE = wholemodule;
				SWIFT_OPTIMIZATION_LEVEL = "-O";
				VALIDATE_PRODUCT = YES;
			};
			name = Release;
		};
		CF068F6625FBF56D00FE2D1C /* Debug */ = {
			isa = XCBuildConfiguration;
			buildSettings = {
				ASSETCATALOG_COMPILER_APPICON_NAME = AppIcon;
				ASSETCATALOG_COMPILER_GLOBAL_ACCENT_COLOR_NAME = AccentColor;
				CODE_SIGN_STYLE = Automatic;
				DEVELOPMENT_TEAM = 24WZU35MAF;
				INFOPLIST_FILE = SeatGeek/Info.plist;
				LD_RUNPATH_SEARCH_PATHS = (
					"$(inherited)",
					"@executable_path/Frameworks",
				);
				PRODUCT_BUNDLE_IDENTIFIER = com.josephszafarowicz.SeatGeek;
				PRODUCT_NAME = "$(TARGET_NAME)";
				SWIFT_VERSION = 5.0;
				TARGETED_DEVICE_FAMILY = "1,2";
			};
			name = Debug;
		};
		CF068F6725FBF56D00FE2D1C /* Release */ = {
			isa = XCBuildConfiguration;
			buildSettings = {
				ASSETCATALOG_COMPILER_APPICON_NAME = AppIcon;
				ASSETCATALOG_COMPILER_GLOBAL_ACCENT_COLOR_NAME = AccentColor;
				CODE_SIGN_STYLE = Automatic;
				DEVELOPMENT_TEAM = 24WZU35MAF;
				INFOPLIST_FILE = SeatGeek/Info.plist;
				LD_RUNPATH_SEARCH_PATHS = (
					"$(inherited)",
					"@executable_path/Frameworks",
				);
				PRODUCT_BUNDLE_IDENTIFIER = com.josephszafarowicz.SeatGeek;
				PRODUCT_NAME = "$(TARGET_NAME)";
				SWIFT_VERSION = 5.0;
				TARGETED_DEVICE_FAMILY = "1,2";
			};
			name = Release;
		};
		CF068F6925FBF56D00FE2D1C /* Debug */ = {
			isa = XCBuildConfiguration;
			buildSettings = {
				ALWAYS_EMBED_SWIFT_STANDARD_LIBRARIES = YES;
				BUNDLE_LOADER = "$(TEST_HOST)";
				CODE_SIGN_STYLE = Automatic;
				DEVELOPMENT_TEAM = 24WZU35MAF;
				INFOPLIST_FILE = SeatGeekTests/Info.plist;
				IPHONEOS_DEPLOYMENT_TARGET = 14.4;
				LD_RUNPATH_SEARCH_PATHS = (
					"$(inherited)",
					"@executable_path/Frameworks",
					"@loader_path/Frameworks",
				);
				PRODUCT_BUNDLE_IDENTIFIER = com.josephszafarowicz.SeatGeekTests;
				PRODUCT_NAME = "$(TARGET_NAME)";
				SWIFT_VERSION = 5.0;
				TARGETED_DEVICE_FAMILY = "1,2";
				TEST_HOST = "$(BUILT_PRODUCTS_DIR)/SeatGeek.app/SeatGeek";
			};
			name = Debug;
		};
		CF068F6A25FBF56D00FE2D1C /* Release */ = {
			isa = XCBuildConfiguration;
			buildSettings = {
				ALWAYS_EMBED_SWIFT_STANDARD_LIBRARIES = YES;
				BUNDLE_LOADER = "$(TEST_HOST)";
				CODE_SIGN_STYLE = Automatic;
				DEVELOPMENT_TEAM = 24WZU35MAF;
				INFOPLIST_FILE = SeatGeekTests/Info.plist;
				IPHONEOS_DEPLOYMENT_TARGET = 14.4;
				LD_RUNPATH_SEARCH_PATHS = (
					"$(inherited)",
					"@executable_path/Frameworks",
					"@loader_path/Frameworks",
				);
				PRODUCT_BUNDLE_IDENTIFIER = com.josephszafarowicz.SeatGeekTests;
				PRODUCT_NAME = "$(TARGET_NAME)";
				SWIFT_VERSION = 5.0;
				TARGETED_DEVICE_FAMILY = "1,2";
				TEST_HOST = "$(BUILT_PRODUCTS_DIR)/SeatGeek.app/SeatGeek";
			};
			name = Release;
		};
		CF068F6C25FBF56D00FE2D1C /* Debug */ = {
			isa = XCBuildConfiguration;
			buildSettings = {
				ALWAYS_EMBED_SWIFT_STANDARD_LIBRARIES = YES;
				CODE_SIGN_STYLE = Automatic;
				DEVELOPMENT_TEAM = 24WZU35MAF;
				INFOPLIST_FILE = SeatGeekUITests/Info.plist;
				LD_RUNPATH_SEARCH_PATHS = (
					"$(inherited)",
					"@executable_path/Frameworks",
					"@loader_path/Frameworks",
				);
				PRODUCT_BUNDLE_IDENTIFIER = com.josephszafarowicz.SeatGeekUITests;
				PRODUCT_NAME = "$(TARGET_NAME)";
				SWIFT_VERSION = 5.0;
				TARGETED_DEVICE_FAMILY = "1,2";
				TEST_TARGET_NAME = SeatGeek;
			};
			name = Debug;
		};
		CF068F6D25FBF56D00FE2D1C /* Release */ = {
			isa = XCBuildConfiguration;
			buildSettings = {
				ALWAYS_EMBED_SWIFT_STANDARD_LIBRARIES = YES;
				CODE_SIGN_STYLE = Automatic;
				DEVELOPMENT_TEAM = 24WZU35MAF;
				INFOPLIST_FILE = SeatGeekUITests/Info.plist;
				LD_RUNPATH_SEARCH_PATHS = (
					"$(inherited)",
					"@executable_path/Frameworks",
					"@loader_path/Frameworks",
				);
				PRODUCT_BUNDLE_IDENTIFIER = com.josephszafarowicz.SeatGeekUITests;
				PRODUCT_NAME = "$(TARGET_NAME)";
				SWIFT_VERSION = 5.0;
				TARGETED_DEVICE_FAMILY = "1,2";
				TEST_TARGET_NAME = SeatGeek;
			};
			name = Release;
		};
/* End XCBuildConfiguration section */

/* Begin XCConfigurationList section */
		CF068F3625FBF56C00FE2D1C /* Build configuration list for PBXProject "SeatGeek" */ = {
			isa = XCConfigurationList;
			buildConfigurations = (
				CF068F6325FBF56D00FE2D1C /* Debug */,
				CF068F6425FBF56D00FE2D1C /* Release */,
			);
			defaultConfigurationIsVisible = 0;
			defaultConfigurationName = Release;
		};
		CF068F6525FBF56D00FE2D1C /* Build configuration list for PBXNativeTarget "SeatGeek" */ = {
			isa = XCConfigurationList;
			buildConfigurations = (
				CF068F6625FBF56D00FE2D1C /* Debug */,
				CF068F6725FBF56D00FE2D1C /* Release */,
			);
			defaultConfigurationIsVisible = 0;
			defaultConfigurationName = Release;
		};
		CF068F6825FBF56D00FE2D1C /* Build configuration list for PBXNativeTarget "SeatGeekTests" */ = {
			isa = XCConfigurationList;
			buildConfigurations = (
				CF068F6925FBF56D00FE2D1C /* Debug */,
				CF068F6A25FBF56D00FE2D1C /* Release */,
			);
			defaultConfigurationIsVisible = 0;
			defaultConfigurationName = Release;
		};
		CF068F6B25FBF56D00FE2D1C /* Build configuration list for PBXNativeTarget "SeatGeekUITests" */ = {
			isa = XCConfigurationList;
			buildConfigurations = (
				CF068F6C25FBF56D00FE2D1C /* Debug */,
				CF068F6D25FBF56D00FE2D1C /* Release */,
			);
			defaultConfigurationIsVisible = 0;
			defaultConfigurationName = Release;
		};
/* End XCConfigurationList section */
	};
	rootObject = CF068F3325FBF56C00FE2D1C /* Project object */;
}
